
Microsoft Visual Studio Solution File, Format Version 12.00
# Visual Studio Version 17
VisualStudioVersion = 17.13.35913.81 d17.13
MinimumVisualStudioVersion = 10.0.40219.1
Project("{FAE04EC0-301F-11D3-BF4B-00C04F79EFBC}") = "praca_dyplomowa_zesp", "praca_dyplomowa_zesp.csproj", "{5EA1E815-9ACD-4CA9-9808-A97D474FB1DF}"
EndProject
Global
	GlobalSection(SolutionConfigurationPlatforms) = preSolution
		Debug|Any CPU = Debug|Any CPU
		Release|Any CPU = Release|Any CPU
	EndGlobalSection
	GlobalSection(ProjectConfigurationPlatforms) = postSolution
		{5EA1E815-9ACD-4CA9-9808-A97D474FB1DF}.Debug|Any CPU.ActiveCfg = Debug|Any CPU
		{5EA1E815-9ACD-4CA9-9808-A97D474FB1DF}.Debug|Any CPU.Build.0 = Debug|Any CPU
		{5EA1E815-9ACD-4CA9-9808-A97D474FB1DF}.Release|Any CPU.ActiveCfg = Release|Any CPU
		{5EA1E815-9ACD-4CA9-9808-A97D474FB1DF}.Release|Any CPU.Build.0 = Release|Any CPU
	EndGlobalSection
	GlobalSection(SolutionProperties) = preSolution
		HideSolutionNode = FALSE
	EndGlobalSection
	GlobalSection(ExtensibilityGlobals) = postSolution
		SolutionGuid = {BE1DCFC9-831B-4E59-89E4-C2018DC7F09B}
	EndGlobalSection
EndGlobal
